
Microsoft Visual Studio Solution File, Format Version 12.00
# Visual Studio 15
VisualStudioVersion = 15.0.28307.779
MinimumVisualStudioVersion = 10.0.40219.1
Project("{FAE04EC0-301F-11D3-BF4B-00C04F79EFBC}") = "CalcPM", "CalcPM\CalcPM.csproj", "{61005420-8CDB-41F3-B160-B7D741ADE45C}"
EndProject
Project("{9A19103F-16F7-4668-BE54-9A1E7A4F7556}") = "CalcFunction", "CalcFunction\CalcFunction.csproj", "{9EAEA752-7D5F-4A43-BFD0-77BEA53D135D}"
EndProject
Project("{9A19103F-16F7-4668-BE54-9A1E7A4F7556}") = "XUnitTestProject1", "XUnitTestProject1\XUnitTestProject1.csproj", "{AD50969A-E074-4004-87A5-66C90CC8B7E3}"
EndProject
Project("{FAE04EC0-301F-11D3-BF4B-00C04F79EFBC}") = "CalcExceptionLibrary", "CalcExceptionLibrary\CalcExceptionLibrary.csproj", "{7F030935-01A2-4936-AD2F-6C59970E7C80}"
EndProject
Project("{FAE04EC0-301F-11D3-BF4B-00C04F79EFBC}") = "AnalyzerClass", "AnalyzerClass\AnalyzerClass.csproj", "{74378E18-8864-4B7D-9120-DF683C07C441}"
EndProject
Project("{FAE04EC0-301F-11D3-BF4B-00C04F79EFBC}") = "UnitTestsAnalyzer", "UnitTestsAnalyzer\UnitTestsAnalyzer.csproj", "{41657489-8ADF-48DD-80E2-69BFAB5C2259}"
EndProject
Global
	GlobalSection(SolutionConfigurationPlatforms) = preSolution
		Debug|Any CPU = Debug|Any CPU
		Release|Any CPU = Release|Any CPU
	EndGlobalSection
	GlobalSection(ProjectConfigurationPlatforms) = postSolution
		{61005420-8CDB-41F3-B160-B7D741ADE45C}.Debug|Any CPU.ActiveCfg = Debug|Any CPU
		{61005420-8CDB-41F3-B160-B7D741ADE45C}.Debug|Any CPU.Build.0 = Debug|Any CPU
		{61005420-8CDB-41F3-B160-B7D741ADE45C}.Release|Any CPU.ActiveCfg = Release|Any CPU
		{61005420-8CDB-41F3-B160-B7D741ADE45C}.Release|Any CPU.Build.0 = Release|Any CPU
		{9EAEA752-7D5F-4A43-BFD0-77BEA53D135D}.Debug|Any CPU.ActiveCfg = Debug|Any CPU
		{9EAEA752-7D5F-4A43-BFD0-77BEA53D135D}.Debug|Any CPU.Build.0 = Debug|Any CPU
		{9EAEA752-7D5F-4A43-BFD0-77BEA53D135D}.Release|Any CPU.ActiveCfg = Release|Any CPU
		{9EAEA752-7D5F-4A43-BFD0-77BEA53D135D}.Release|Any CPU.Build.0 = Release|Any CPU
		{AD50969A-E074-4004-87A5-66C90CC8B7E3}.Debug|Any CPU.ActiveCfg = Debug|Any CPU
		{AD50969A-E074-4004-87A5-66C90CC8B7E3}.Debug|Any CPU.Build.0 = Debug|Any CPU
		{AD50969A-E074-4004-87A5-66C90CC8B7E3}.Release|Any CPU.ActiveCfg = Release|Any CPU
		{AD50969A-E074-4004-87A5-66C90CC8B7E3}.Release|Any CPU.Build.0 = Release|Any CPU
		{7F030935-01A2-4936-AD2F-6C59970E7C80}.Debug|Any CPU.ActiveCfg = Debug|Any CPU
		{7F030935-01A2-4936-AD2F-6C59970E7C80}.Debug|Any CPU.Build.0 = Debug|Any CPU
		{7F030935-01A2-4936-AD2F-6C59970E7C80}.Release|Any CPU.ActiveCfg = Release|Any CPU
		{7F030935-01A2-4936-AD2F-6C59970E7C80}.Release|Any CPU.Build.0 = Release|Any CPU
		{74378E18-8864-4B7D-9120-DF683C07C441}.Debug|Any CPU.ActiveCfg = Debug|Any CPU
		{74378E18-8864-4B7D-9120-DF683C07C441}.Debug|Any CPU.Build.0 = Debug|Any CPU
		{74378E18-8864-4B7D-9120-DF683C07C441}.Release|Any CPU.ActiveCfg = Release|Any CPU
		{74378E18-8864-4B7D-9120-DF683C07C441}.Release|Any CPU.Build.0 = Release|Any CPU
		{41657489-8ADF-48DD-80E2-69BFAB5C2259}.Debug|Any CPU.ActiveCfg = Debug|Any CPU
		{41657489-8ADF-48DD-80E2-69BFAB5C2259}.Debug|Any CPU.Build.0 = Debug|Any CPU
		{41657489-8ADF-48DD-80E2-69BFAB5C2259}.Release|Any CPU.ActiveCfg = Release|Any CPU
		{41657489-8ADF-48DD-80E2-69BFAB5C2259}.Release|Any CPU.Build.0 = Release|Any CPU
	EndGlobalSection
	GlobalSection(SolutionProperties) = preSolution
		HideSolutionNode = FALSE
	EndGlobalSection
	GlobalSection(ExtensibilityGlobals) = postSolution
		SolutionGuid = {CC195AD8-BDD3-4E01-82BD-47267D458992}
	EndGlobalSection
EndGlobal
